
Microsoft Visual Studio Solution File, Format Version 12.00
# Visual Studio 15
VisualStudioVersion = 15.0.26403.0
MinimumVisualStudioVersion = 10.0.40219.1
Project("{2150E333-8FDC-42A3-9474-1A3956D46DE8}") = "src", "src", "{AC167C9C-D856-4672-B5A1-5465640236B0}"
EndProject
Project("{2150E333-8FDC-42A3-9474-1A3956D46DE8}") = "Solution Items", "Solution Items", "{C487DE7B-1B0C-49C7-ACE1-27EBF2B81BD8}"
	ProjectSection(SolutionItems) = preProject
		global.json = global.json
	EndProjectSection
EndProject
Project("{9A19103F-16F7-4668-BE54-9A1E7A4F7556}") = "azure-ad-netcore-sample", "src\azure-ad-netcore-sample\azure-ad-netcore-sample.csproj", "{D3507ACB-8930-4C97-A87F-8AC1F7740DAC}"
EndProject
Project("{FAE04EC0-301F-11D3-BF4B-00C04F79EFBC}") = "app-to-smapi", "app-to-smapi\app-to-smapi.csproj", "{17C1D98E-3509-4EB3-BC48-9D834838B2EB}"
EndProject
Global
	GlobalSection(SolutionConfigurationPlatforms) = preSolution
		Debug|Any CPU = Debug|Any CPU
		Debug|x64 = Debug|x64
		Debug|x86 = Debug|x86
		Release|Any CPU = Release|Any CPU
		Release|x64 = Release|x64
		Release|x86 = Release|x86
	EndGlobalSection
	GlobalSection(ProjectConfigurationPlatforms) = postSolution
		{D3507ACB-8930-4C97-A87F-8AC1F7740DAC}.Debug|Any CPU.ActiveCfg = Debug|Any CPU
		{D3507ACB-8930-4C97-A87F-8AC1F7740DAC}.Debug|Any CPU.Build.0 = Debug|Any CPU
		{D3507ACB-8930-4C97-A87F-8AC1F7740DAC}.Debug|x64.ActiveCfg = Debug|x64
		{D3507ACB-8930-4C97-A87F-8AC1F7740DAC}.Debug|x64.Build.0 = Debug|x64
		{D3507ACB-8930-4C97-A87F-8AC1F7740DAC}.Debug|x86.ActiveCfg = Debug|x86
		{D3507ACB-8930-4C97-A87F-8AC1F7740DAC}.Debug|x86.Build.0 = Debug|x86
		{D3507ACB-8930-4C97-A87F-8AC1F7740DAC}.Release|Any CPU.ActiveCfg = Release|Any CPU
		{D3507ACB-8930-4C97-A87F-8AC1F7740DAC}.Release|Any CPU.Build.0 = Release|Any CPU
		{D3507ACB-8930-4C97-A87F-8AC1F7740DAC}.Release|x64.ActiveCfg = Release|x64
		{D3507ACB-8930-4C97-A87F-8AC1F7740DAC}.Release|x64.Build.0 = Release|x64
		{D3507ACB-8930-4C97-A87F-8AC1F7740DAC}.Release|x86.ActiveCfg = Release|x86
		{D3507ACB-8930-4C97-A87F-8AC1F7740DAC}.Release|x86.Build.0 = Release|x86
		{17C1D98E-3509-4EB3-BC48-9D834838B2EB}.Debug|Any CPU.ActiveCfg = Debug|Any CPU
		{17C1D98E-3509-4EB3-BC48-9D834838B2EB}.Debug|Any CPU.Build.0 = Debug|Any CPU
		{17C1D98E-3509-4EB3-BC48-9D834838B2EB}.Debug|x64.ActiveCfg = Debug|x64
		{17C1D98E-3509-4EB3-BC48-9D834838B2EB}.Debug|x64.Build.0 = Debug|x64
		{17C1D98E-3509-4EB3-BC48-9D834838B2EB}.Debug|x86.ActiveCfg = Debug|x86
		{17C1D98E-3509-4EB3-BC48-9D834838B2EB}.Debug|x86.Build.0 = Debug|x86
		{17C1D98E-3509-4EB3-BC48-9D834838B2EB}.Release|Any CPU.ActiveCfg = Release|Any CPU
		{17C1D98E-3509-4EB3-BC48-9D834838B2EB}.Release|Any CPU.Build.0 = Release|Any CPU
		{17C1D98E-3509-4EB3-BC48-9D834838B2EB}.Release|x64.ActiveCfg = Release|x64
		{17C1D98E-3509-4EB3-BC48-9D834838B2EB}.Release|x64.Build.0 = Release|x64
		{17C1D98E-3509-4EB3-BC48-9D834838B2EB}.Release|x86.ActiveCfg = Release|x86
		{17C1D98E-3509-4EB3-BC48-9D834838B2EB}.Release|x86.Build.0 = Release|x86
	EndGlobalSection
	GlobalSection(SolutionProperties) = preSolution
		HideSolutionNode = FALSE
	EndGlobalSection
	GlobalSection(NestedProjects) = preSolution
		{D3507ACB-8930-4C97-A87F-8AC1F7740DAC} = {AC167C9C-D856-4672-B5A1-5465640236B0}
		{17C1D98E-3509-4EB3-BC48-9D834838B2EB} = {AC167C9C-D856-4672-B5A1-5465640236B0}
	EndGlobalSection
EndGlobal
